
Microsoft Visual Studio Solution File, Format Version 12.00
# Visual Studio Version 17
VisualStudioVersion = 17.5.002.0
MinimumVisualStudioVersion = 10.0.40219.1
Project("{2150E333-8FDC-42A3-9474-1A3956D46DE8}") = "csharp-prep", "csharp-prep", "{04C74A2C-96F3-4AD2-A7D4-19F85D8FA31D}"
EndProject
Project("{9A19103F-16F7-4668-BE54-9A1E7A4F7556}") = "Prep1", "csharp-prep\Prep1\Prep1.csproj", "{D15286AA-FA2A-4871-9BA7-84BE117C6CD5}"
EndProject
Project("{9A19103F-16F7-4668-BE54-9A1E7A4F7556}") = "Prep2", "csharp-prep\Prep2\Prep2.csproj", "{DD9FFFB3-C792-4812-9E6C-3182119DF193}"
EndProject
Project("{9A19103F-16F7-4668-BE54-9A1E7A4F7556}") = "Prep3", "csharp-prep\Prep3\Prep3.csproj", "{FA74EE82-A3AC-4E8E-AF05-9ED4432B12D4}"
EndProject
Project("{9A19103F-16F7-4668-BE54-9A1E7A4F7556}") = "Prep4", "csharp-prep\Prep4\Prep4.csproj", "{392384A2-2CD8-4059-B8AC-C4BD3B621742}"
EndProject
Project("{9A19103F-16F7-4668-BE54-9A1E7A4F7556}") = "Prep5", "csharp-prep\Prep5\Prep5.csproj", "{BCA4B643-4B88-429F-BFD4-FB36F46C03DE}"
EndProject
Project("{2150E333-8FDC-42A3-9474-1A3956D46DE8}") = "final", "final", "{3D198830-5FE9-4293-B1DD-62BEAD02A299}"
EndProject
Project("{9A19103F-16F7-4668-BE54-9A1E7A4F7556}") = "FinalProject", "final\FinalProject\FinalProject.csproj", "{5523C996-20C7-4793-8DA5-FFFCA2B27E13}"
EndProject
Project("{9A19103F-16F7-4668-BE54-9A1E7A4F7556}") = "Foundation1", "final\Foundation1\Foundation1.csproj", "{01FE851C-81BC-4F41-B982-0F3CC3BC09EA}"
EndProject
Project("{9A19103F-16F7-4668-BE54-9A1E7A4F7556}") = "Foundation2", "final\Foundation2\Foundation2.csproj", "{B54EDB14-536D-4F1D-BAE4-640F3FA3C7AC}"
EndProject
Project("{9A19103F-16F7-4668-BE54-9A1E7A4F7556}") = "Foundation3", "final\Foundation3\Foundation3.csproj", "{CFDC88A7-E2DD-48F0-B97F-67D760D76E69}"
EndProject
Project("{9A19103F-16F7-4668-BE54-9A1E7A4F7556}") = "Foundation4", "final\Foundation4\Foundation4.csproj", "{88B1DDE5-2CA7-4B38-809A-ADC256DAAA4A}"
EndProject
Project("{2150E333-8FDC-42A3-9474-1A3956D46DE8}") = "prepare", "prepare", "{0D8ABB09-BF3B-4FEA-962C-30D1D8A8669F}"
EndProject
Project("{9A19103F-16F7-4668-BE54-9A1E7A4F7556}") = "Learning02", "prepare\Learning02\Learning02.csproj", "{465994FA-DAC8-453A-A6C7-462F5E4F12F6}"
EndProject
Project("{9A19103F-16F7-4668-BE54-9A1E7A4F7556}") = "Learning03", "prepare\Learning03\Learning03.csproj", "{D4466F68-29C5-485D-91BF-BA3FD281A6EE}"
EndProject
Project("{9A19103F-16F7-4668-BE54-9A1E7A4F7556}") = "Learning04", "prepare\Learning04\Learning04.csproj", "{1889BCAD-A141-419B-B254-8574DAD01C80}"
EndProject
Project("{9A19103F-16F7-4668-BE54-9A1E7A4F7556}") = "Learning05", "prepare\Learning05\Learning05.csproj", "{411311BA-136A-45A6-B754-235151859D79}"
EndProject
Project("{2150E333-8FDC-42A3-9474-1A3956D46DE8}") = "prove", "prove", "{B5D480A4-409D-4689-A5C0-9E2D8E9BD50E}"
EndProject
Project("{9A19103F-16F7-4668-BE54-9A1E7A4F7556}") = "Develop02", "prove\Develop02\Develop02.csproj", "{7E76DFC0-921A-45E9-891A-08156210A91F}"
EndProject
Project("{9A19103F-16F7-4668-BE54-9A1E7A4F7556}") = "Develop03", "prove\Develop03\Develop03.csproj", "{1C1F4403-4FAD-4563-A994-DB456A75BCF4}"
EndProject
Project("{9A19103F-16F7-4668-BE54-9A1E7A4F7556}") = "Develop04", "prove\Develop04\Develop04.csproj", "{7A7B841D-E45D-4A02-80B3-117E0A27A99A}"
EndProject
Project("{9A19103F-16F7-4668-BE54-9A1E7A4F7556}") = "Develop05", "prove\Develop05\Develop05.csproj", "{F5902725-DF47-4C6F-A969-8F764103A0A4}"
EndProject
Project("{2150E333-8FDC-42A3-9474-1A3956D46DE8}") = "sandbox", "sandbox", "{13F069C4-736E-4BB0-9ED5-AC1052021CCF}"
EndProject
Project("{9A19103F-16F7-4668-BE54-9A1E7A4F7556}") = "Sandbox", "sandbox\Sandbox\Sandbox.csproj", "{04E3D3B2-2C89-4A8A-84D4-A530F685A7C2}"
EndProject
Global
	GlobalSection(SolutionConfigurationPlatforms) = preSolution
		Debug|Any CPU = Debug|Any CPU
		Release|Any CPU = Release|Any CPU
	EndGlobalSection
	GlobalSection(ProjectConfigurationPlatforms) = postSolution
		{D15286AA-FA2A-4871-9BA7-84BE117C6CD5}.Debug|Any CPU.ActiveCfg = Debug|Any CPU
		{D15286AA-FA2A-4871-9BA7-84BE117C6CD5}.Debug|Any CPU.Build.0 = Debug|Any CPU
		{D15286AA-FA2A-4871-9BA7-84BE117C6CD5}.Release|Any CPU.ActiveCfg = Release|Any CPU
		{D15286AA-FA2A-4871-9BA7-84BE117C6CD5}.Release|Any CPU.Build.0 = Release|Any CPU
		{DD9FFFB3-C792-4812-9E6C-3182119DF193}.Debug|Any CPU.ActiveCfg = Debug|Any CPU
		{DD9FFFB3-C792-4812-9E6C-3182119DF193}.Debug|Any CPU.Build.0 = Debug|Any CPU
		{DD9FFFB3-C792-4812-9E6C-3182119DF193}.Release|Any CPU.ActiveCfg = Release|Any CPU
		{DD9FFFB3-C792-4812-9E6C-3182119DF193}.Release|Any CPU.Build.0 = Release|Any CPU
		{FA74EE82-A3AC-4E8E-AF05-9ED4432B12D4}.Debug|Any CPU.ActiveCfg = Debug|Any CPU
		{FA74EE82-A3AC-4E8E-AF05-9ED4432B12D4}.Debug|Any CPU.Build.0 = Debug|Any CPU
		{FA74EE82-A3AC-4E8E-AF05-9ED4432B12D4}.Release|Any CPU.ActiveCfg = Release|Any CPU
		{FA74EE82-A3AC-4E8E-AF05-9ED4432B12D4}.Release|Any CPU.Build.0 = Release|Any CPU
		{392384A2-2CD8-4059-B8AC-C4BD3B621742}.Debug|Any CPU.ActiveCfg = Debug|Any CPU
		{392384A2-2CD8-4059-B8AC-C4BD3B621742}.Debug|Any CPU.Build.0 = Debug|Any CPU
		{392384A2-2CD8-4059-B8AC-C4BD3B621742}.Release|Any CPU.ActiveCfg = Release|Any CPU
		{392384A2-2CD8-4059-B8AC-C4BD3B621742}.Release|Any CPU.Build.0 = Release|Any CPU
		{BCA4B643-4B88-429F-BFD4-FB36F46C03DE}.Debug|Any CPU.ActiveCfg = Debug|Any CPU
		{BCA4B643-4B88-429F-BFD4-FB36F46C03DE}.Debug|Any CPU.Build.0 = Debug|Any CPU
		{BCA4B643-4B88-429F-BFD4-FB36F46C03DE}.Release|Any CPU.ActiveCfg = Release|Any CPU
		{BCA4B643-4B88-429F-BFD4-FB36F46C03DE}.Release|Any CPU.Build.0 = Release|Any CPU
		{5523C996-20C7-4793-8DA5-FFFCA2B27E13}.Debug|Any CPU.ActiveCfg = Debug|Any CPU
		{5523C996-20C7-4793-8DA5-FFFCA2B27E13}.Debug|Any CPU.Build.0 = Debug|Any CPU
		{5523C996-20C7-4793-8DA5-FFFCA2B27E13}.Release|Any CPU.ActiveCfg = Release|Any CPU
		{5523C996-20C7-4793-8DA5-FFFCA2B27E13}.Release|Any CPU.Build.0 = Release|Any CPU
		{01FE851C-81BC-4F41-B982-0F3CC3BC09EA}.Debug|Any CPU.ActiveCfg = Debug|Any CPU
		{01FE851C-81BC-4F41-B982-0F3CC3BC09EA}.Debug|Any CPU.Build.0 = Debug|Any CPU
		{01FE851C-81BC-4F41-B982-0F3CC3BC09EA}.Release|Any CPU.ActiveCfg = Release|Any CPU
		{01FE851C-81BC-4F41-B982-0F3CC3BC09EA}.Release|Any CPU.Build.0 = Release|Any CPU
		{B54EDB14-536D-4F1D-BAE4-640F3FA3C7AC}.Debug|Any CPU.ActiveCfg = Debug|Any CPU
		{B54EDB14-536D-4F1D-BAE4-640F3FA3C7AC}.Debug|Any CPU.Build.0 = Debug|Any CPU
		{B54EDB14-536D-4F1D-BAE4-640F3FA3C7AC}.Release|Any CPU.ActiveCfg = Release|Any CPU
		{B54EDB14-536D-4F1D-BAE4-640F3FA3C7AC}.Release|Any CPU.Build.0 = Release|Any CPU
		{CFDC88A7-E2DD-48F0-B97F-67D760D76E69}.Debug|Any CPU.ActiveCfg = Debug|Any CPU
		{CFDC88A7-E2DD-48F0-B97F-67D760D76E69}.Debug|Any CPU.Build.0 = Debug|Any CPU
		{CFDC88A7-E2DD-48F0-B97F-67D760D76E69}.Release|Any CPU.ActiveCfg = Release|Any CPU
		{CFDC88A7-E2DD-48F0-B97F-67D760D76E69}.Release|Any CPU.Build.0 = Release|Any CPU
		{88B1DDE5-2CA7-4B38-809A-ADC256DAAA4A}.Debug|Any CPU.ActiveCfg = Debug|Any CPU
		{88B1DDE5-2CA7-4B38-809A-ADC256DAAA4A}.Debug|Any CPU.Build.0 = Debug|Any CPU
		{88B1DDE5-2CA7-4B38-809A-ADC256DAAA4A}.Release|Any CPU.ActiveCfg = Release|Any CPU
		{88B1DDE5-2CA7-4B38-809A-ADC256DAAA4A}.Release|Any CPU.Build.0 = Release|Any CPU
		{465994FA-DAC8-453A-A6C7-462F5E4F12F6}.Debug|Any CPU.ActiveCfg = Debug|Any CPU
		{465994FA-DAC8-453A-A6C7-462F5E4F12F6}.Debug|Any CPU.Build.0 = Debug|Any CPU
		{465994FA-DAC8-453A-A6C7-462F5E4F12F6}.Release|Any CPU.ActiveCfg = Release|Any CPU
		{465994FA-DAC8-453A-A6C7-462F5E4F12F6}.Release|Any CPU.Build.0 = Release|Any CPU
		{D4466F68-29C5-485D-91BF-BA3FD281A6EE}.Debug|Any CPU.ActiveCfg = Debug|Any CPU
		{D4466F68-29C5-485D-91BF-BA3FD281A6EE}.Debug|Any CPU.Build.0 = Debug|Any CPU
		{D4466F68-29C5-485D-91BF-BA3FD281A6EE}.Release|Any CPU.ActiveCfg = Release|Any CPU
		{D4466F68-29C5-485D-91BF-BA3FD281A6EE}.Release|Any CPU.Build.0 = Release|Any CPU
		{1889BCAD-A141-419B-B254-8574DAD01C80}.Debug|Any CPU.ActiveCfg = Debug|Any CPU
		{1889BCAD-A141-419B-B254-8574DAD01C80}.Debug|Any CPU.Build.0 = Debug|Any CPU
		{1889BCAD-A141-419B-B254-8574DAD01C80}.Release|Any CPU.ActiveCfg = Release|Any CPU
		{1889BCAD-A141-419B-B254-8574DAD01C80}.Release|Any CPU.Build.0 = Release|Any CPU
		{411311BA-136A-45A6-B754-235151859D79}.Debug|Any CPU.ActiveCfg = Debug|Any CPU
		{411311BA-136A-45A6-B754-235151859D79}.Debug|Any CPU.Build.0 = Debug|Any CPU
		{411311BA-136A-45A6-B754-235151859D79}.Release|Any CPU.ActiveCfg = Release|Any CPU
		{411311BA-136A-45A6-B754-235151859D79}.Release|Any CPU.Build.0 = Release|Any CPU
		{7E76DFC0-921A-45E9-891A-08156210A91F}.Debug|Any CPU.ActiveCfg = Debug|Any CPU
		{7E76DFC0-921A-45E9-891A-08156210A91F}.Debug|Any CPU.Build.0 = Debug|Any CPU
		{7E76DFC0-921A-45E9-891A-08156210A91F}.Release|Any CPU.ActiveCfg = Release|Any CPU
		{7E76DFC0-921A-45E9-891A-08156210A91F}.Release|Any CPU.Build.0 = Release|Any CPU
		{1C1F4403-4FAD-4563-A994-DB456A75BCF4}.Debug|Any CPU.ActiveCfg = Debug|Any CPU
		{1C1F4403-4FAD-4563-A994-DB456A75BCF4}.Debug|Any CPU.Build.0 = Debug|Any CPU
		{1C1F4403-4FAD-4563-A994-DB456A75BCF4}.Release|Any CPU.ActiveCfg = Release|Any CPU
		{1C1F4403-4FAD-4563-A994-DB456A75BCF4}.Release|Any CPU.Build.0 = Release|Any CPU
		{7A7B841D-E45D-4A02-80B3-117E0A27A99A}.Debug|Any CPU.ActiveCfg = Debug|Any CPU
		{7A7B841D-E45D-4A02-80B3-117E0A27A99A}.Debug|Any CPU.Build.0 = Debug|Any CPU
		{7A7B841D-E45D-4A02-80B3-117E0A27A99A}.Release|Any CPU.ActiveCfg = Release|Any CPU
		{7A7B841D-E45D-4A02-80B3-117E0A27A99A}.Release|Any CPU.Build.0 = Release|Any CPU
		{F5902725-DF47-4C6F-A969-8F764103A0A4}.Debug|Any CPU.ActiveCfg = Debug|Any CPU
		{F5902725-DF47-4C6F-A969-8F764103A0A4}.Debug|Any CPU.Build.0 = Debug|Any CPU
		{F5902725-DF47-4C6F-A969-8F764103A0A4}.Release|Any CPU.ActiveCfg = Release|Any CPU
		{F5902725-DF47-4C6F-A969-8F764103A0A4}.Release|Any CPU.Build.0 = Release|Any CPU
		{04E3D3B2-2C89-4A8A-84D4-A530F685A7C2}.Debug|Any CPU.ActiveCfg = Debug|Any CPU
		{04E3D3B2-2C89-4A8A-84D4-A530F685A7C2}.Debug|Any CPU.Build.0 = Debug|Any CPU
		{04E3D3B2-2C89-4A8A-84D4-A530F685A7C2}.Release|Any CPU.ActiveCfg = Release|Any CPU
		{04E3D3B2-2C89-4A8A-84D4-A530F685A7C2}.Release|Any CPU.Build.0 = Release|Any CPU
	EndGlobalSection
	GlobalSection(SolutionProperties) = preSolution
		HideSolutionNode = FALSE
	EndGlobalSection
	GlobalSection(NestedProjects) = preSolution
		{D15286AA-FA2A-4871-9BA7-84BE117C6CD5} = {04C74A2C-96F3-4AD2-A7D4-19F85D8FA31D}
		{DD9FFFB3-C792-4812-9E6C-3182119DF193} = {04C74A2C-96F3-4AD2-A7D4-19F85D8FA31D}
		{FA74EE82-A3AC-4E8E-AF05-9ED4432B12D4} = {04C74A2C-96F3-4AD2-A7D4-19F85D8FA31D}
		{392384A2-2CD8-4059-B8AC-C4BD3B621742} = {04C74A2C-96F3-4AD2-A7D4-19F85D8FA31D}
		{BCA4B643-4B88-429F-BFD4-FB36F46C03DE} = {04C74A2C-96F3-4AD2-A7D4-19F85D8FA31D}
		{5523C996-20C7-4793-8DA5-FFFCA2B27E13} = {3D198830-5FE9-4293-B1DD-62BEAD02A299}
		{01FE851C-81BC-4F41-B982-0F3CC3BC09EA} = {3D198830-5FE9-4293-B1DD-62BEAD02A299}
		{B54EDB14-536D-4F1D-BAE4-640F3FA3C7AC} = {3D198830-5FE9-4293-B1DD-62BEAD02A299}
		{CFDC88A7-E2DD-48F0-B97F-67D760D76E69} = {3D198830-5FE9-4293-B1DD-62BEAD02A299}
		{88B1DDE5-2CA7-4B38-809A-ADC256DAAA4A} = {3D198830-5FE9-4293-B1DD-62BEAD02A299}
		{465994FA-DAC8-453A-A6C7-462F5E4F12F6} = {0D8ABB09-BF3B-4FEA-962C-30D1D8A8669F}
		{D4466F68-29C5-485D-91BF-BA3FD281A6EE} = {0D8ABB09-BF3B-4FEA-962C-30D1D8A8669F}
		{1889BCAD-A141-419B-B254-8574DAD01C80} = {0D8ABB09-BF3B-4FEA-962C-30D1D8A8669F}
		{411311BA-136A-45A6-B754-235151859D79} = {0D8ABB09-BF3B-4FEA-962C-30D1D8A8669F}
		{7E76DFC0-921A-45E9-891A-08156210A91F} = {B5D480A4-409D-4689-A5C0-9E2D8E9BD50E}
		{1C1F4403-4FAD-4563-A994-DB456A75BCF4} = {B5D480A4-409D-4689-A5C0-9E2D8E9BD50E}
		{7A7B841D-E45D-4A02-80B3-117E0A27A99A} = {B5D480A4-409D-4689-A5C0-9E2D8E9BD50E}
		{F5902725-DF47-4C6F-A969-8F764103A0A4} = {B5D480A4-409D-4689-A5C0-9E2D8E9BD50E}
		{04E3D3B2-2C89-4A8A-84D4-A530F685A7C2} = {13F069C4-736E-4BB0-9ED5-AC1052021CCF}
	EndGlobalSection
	GlobalSection(ExtensibilityGlobals) = postSolution
		SolutionGuid = {957281D9-3529-494E-A08D-953AF36C5A8C}
	EndGlobalSection
EndGlobal
