
Microsoft Visual Studio Solution File, Format Version 12.00
# Visual Studio Version 17
VisualStudioVersion = 17.5.002.0
MinimumVisualStudioVersion = 10.0.40219.1
Project("{9A19103F-16F7-4668-BE54-9A1E7A4F7556}") = "Learning02", "Learning02.csproj", "{0390CEED-88D3-43BD-9B69-044D39A7A253}"
EndProject
Global
	GlobalSection(SolutionConfigurationPlatforms) = preSolution
		Debug|Any CPU = Debug|Any CPU
		Release|Any CPU = Release|Any CPU
	EndGlobalSection
	GlobalSection(ProjectConfigurationPlatforms) = postSolution
		{0390CEED-88D3-43BD-9B69-044D39A7A253}.Debug|Any CPU.ActiveCfg = Debug|Any CPU
		{0390CEED-88D3-43BD-9B69-044D39A7A253}.Debug|Any CPU.Build.0 = Debug|Any CPU
		{0390CEED-88D3-43BD-9B69-044D39A7A253}.Release|Any CPU.ActiveCfg = Release|Any CPU
		{0390CEED-88D3-43BD-9B69-044D39A7A253}.Release|Any CPU.Build.0 = Release|Any CPU
	EndGlobalSection
	GlobalSection(SolutionProperties) = preSolution
		HideSolutionNode = FALSE
	EndGlobalSection
	GlobalSection(ExtensibilityGlobals) = postSolution
		SolutionGuid = {80BD0BE6-B504-4A7E-899E-66E854BEA92A}
	EndGlobalSection
EndGlobal
