
Microsoft Visual Studio Solution File, Format Version 12.00
# Visual Studio Version 17
VisualStudioVersion = 17.5.002.0
MinimumVisualStudioVersion = 10.0.40219.1
Project("{9A19103F-16F7-4668-BE54-9A1E7A4F7556}") = "Learning04", "Learning04.csproj", "{CFDA7638-D9D0-4591-A55F-B10F2FEB619E}"
EndProject
Global
	GlobalSection(SolutionConfigurationPlatforms) = preSolution
		Debug|Any CPU = Debug|Any CPU
		Release|Any CPU = Release|Any CPU
	EndGlobalSection
	GlobalSection(ProjectConfigurationPlatforms) = postSolution
		{CFDA7638-D9D0-4591-A55F-B10F2FEB619E}.Debug|Any CPU.ActiveCfg = Debug|Any CPU
		{CFDA7638-D9D0-4591-A55F-B10F2FEB619E}.Debug|Any CPU.Build.0 = Debug|Any CPU
		{CFDA7638-D9D0-4591-A55F-B10F2FEB619E}.Release|Any CPU.ActiveCfg = Release|Any CPU
		{CFDA7638-D9D0-4591-A55F-B10F2FEB619E}.Release|Any CPU.Build.0 = Release|Any CPU
	EndGlobalSection
	GlobalSection(SolutionProperties) = preSolution
		HideSolutionNode = FALSE
	EndGlobalSection
	GlobalSection(ExtensibilityGlobals) = postSolution
		SolutionGuid = {B4509BC3-F87F-4840-9EB1-F02DF4574C39}
	EndGlobalSection
EndGlobal
